
Microsoft Visual Studio Solution File, Format Version 12.00
# Visual Studio 14
VisualStudioVersion = 14.0.25420.1
MinimumVisualStudioVersion = 10.0.40219.1
Project("{FAE04EC0-301F-11D3-BF4B-00C04F79EFBC}") = "ejer06", "ejer06\ejer06.csproj", "{156806BB-4C10-4968-A812-2A54A5224D55}"
EndProject
Project("{FAE04EC0-301F-11D3-BF4B-00C04F79EFBC}") = "Test", "Test\Test.csproj", "{9A1FA925-F500-49E7-8E16-B0F04DF6F483}"
EndProject
Global
	GlobalSection(SolutionConfigurationPlatforms) = preSolution
		Debug|Any CPU = Debug|Any CPU
		Release|Any CPU = Release|Any CPU
	EndGlobalSection
	GlobalSection(ProjectConfigurationPlatforms) = postSolution
		{156806BB-4C10-4968-A812-2A54A5224D55}.Debug|Any CPU.ActiveCfg = Debug|Any CPU
		{156806BB-4C10-4968-A812-2A54A5224D55}.Debug|Any CPU.Build.0 = Debug|Any CPU
		{156806BB-4C10-4968-A812-2A54A5224D55}.Release|Any CPU.ActiveCfg = Release|Any CPU
		{156806BB-4C10-4968-A812-2A54A5224D55}.Release|Any CPU.Build.0 = Release|Any CPU
		{9A1FA925-F500-49E7-8E16-B0F04DF6F483}.Debug|Any CPU.ActiveCfg = Debug|Any CPU
		{9A1FA925-F500-49E7-8E16-B0F04DF6F483}.Debug|Any CPU.Build.0 = Debug|Any CPU
		{9A1FA925-F500-49E7-8E16-B0F04DF6F483}.Release|Any CPU.ActiveCfg = Release|Any CPU
		{9A1FA925-F500-49E7-8E16-B0F04DF6F483}.Release|Any CPU.Build.0 = Release|Any CPU
	EndGlobalSection
	GlobalSection(SolutionProperties) = preSolution
		HideSolutionNode = FALSE
	EndGlobalSection
EndGlobal
